
Microsoft Visual Studio Solution File, Format Version 12.00
# Visual Studio Version 17
VisualStudioVersion = 17.4.33103.184
MinimumVisualStudioVersion = 10.0.40219.1
Project("{9A19103F-16F7-4668-BE54-9A1E7A4F7556}") = "JWTApi", "JWT\JWTApi.csproj", "{DBBAEE6F-4EBB-4433-9F06-1C31B834FEE7}"
EndProject
Global
	GlobalSection(SolutionConfigurationPlatforms) = preSolution
		Debug|Any CPU = Debug|Any CPU
		Release|Any CPU = Release|Any CPU
	EndGlobalSection
	GlobalSection(ProjectConfigurationPlatforms) = postSolution
		{DBBAEE6F-4EBB-4433-9F06-1C31B834FEE7}.Debug|Any CPU.ActiveCfg = Debug|Any CPU
		{DBBAEE6F-4EBB-4433-9F06-1C31B834FEE7}.Debug|Any CPU.Build.0 = Debug|Any CPU
		{DBBAEE6F-4EBB-4433-9F06-1C31B834FEE7}.Release|Any CPU.ActiveCfg = Release|Any CPU
		{DBBAEE6F-4EBB-4433-9F06-1C31B834FEE7}.Release|Any CPU.Build.0 = Release|Any CPU
	EndGlobalSection
	GlobalSection(SolutionProperties) = preSolution
		HideSolutionNode = FALSE
	EndGlobalSection
	GlobalSection(ExtensibilityGlobals) = postSolution
		SolutionGuid = {C98D5E66-D07C-477D-AE66-574BCC2690B3}
	EndGlobalSection
EndGlobal
